{
  // General project configuration
  "project": {
    "name": "city-simulation",
    "version": "1.0.0"
  },
  
  // Lockfile version for reproducibility
  "lockfile": {
    "version": 3,
    "requiresDependencies": true
  },

  // Core package definitions
  "dependencies": {
    "dotenv": "^16.0.0", // Environment variable management
    "openai": "^4.76.0", // OpenAI API integration
    "readline": "^1.3.0", // Command-line input handling
    "uuid": "^9.0.1" // UUID generation
  },

  // Development-only dependencies
  "devDependencies": {
    "@types/node": "^18.19.67", // Node.js type definitions
    "@types/uuid": "^9.0.8", // UUID type definitions
    "nodemon": "^2.0.22", // Development server auto-reloader
    "ts-node": "^10.9.2", // TypeScript execution environment
    "typescript": "^4.9.5" // TypeScript compiler
  },

  // Node module definitions
  "nodeModules": [
    {
      "name": "@cspotcode/source-map-support",
      "version": "0.8.1",
      "resolved": "https://registry.npmjs.org/@cspotcode/source-map-support/-/source-map-support-0.8.1.tgz",
      "integrity": "sha512-IchNf6...",
      "license": "MIT",
      "nodeCompatibility": ">=12",
      "dependencies": {
        "@jridgewell/trace-mapping": "0.3.9"
      }
    },
    {
      "name": "@jridgewell/resolve-uri",
      "version": "3.1.2",
      "resolved": "https://registry.npmjs.org/@jridgewell/resolve-uri/-/resolve-uri-3.1.2.tgz",
      "integrity": "sha512-bRISg...",
      "license": "MIT",
      "nodeCompatibility": ">=6.0.0"
    },
    {
      "name": "uuid",
      "version": "9.0.1",
      "resolved": "https://registry.npmjs.org/uuid/-/uuid-9.0.1.tgz",
      "integrity": "sha512-b+1eJ...",
      "license": "MIT",
      "funding": [
        "https://github.com/sponsors/broofa",
        "https://github.com/sponsors/ctavan"
      ]
    }
  ],

  // Additional metadata
  "metadata": {
    "repository": {
      "type": "git",
      "url": "https://github.com/evolveplayground/evolve-framework"
    }
  }
}
